
Microsoft Visual Studio Solution File, Format Version 12.00
# Visual Studio Version 17
VisualStudioVersion = 17.8.34330.188
MinimumVisualStudioVersion = 10.0.40219.1
Project("{54A90642-561A-4BB1-A94E-469ADEE60C69}") = "FartButton", "FartButton\FartButton.esproj", "{CF35F219-EF4E-4C17-8687-F6AEF9518325}"
EndProject
Global
	GlobalSection(SolutionConfigurationPlatforms) = preSolution
		Debug|Any CPU = Debug|Any CPU
		Release|Any CPU = Release|Any CPU
	EndGlobalSection
	GlobalSection(ProjectConfigurationPlatforms) = postSolution
		{CF35F219-EF4E-4C17-8687-F6AEF9518325}.Debug|Any CPU.ActiveCfg = Debug|Any CPU
		{CF35F219-EF4E-4C17-8687-F6AEF9518325}.Debug|Any CPU.Build.0 = Debug|Any CPU
		{CF35F219-EF4E-4C17-8687-F6AEF9518325}.Debug|Any CPU.Deploy.0 = Debug|Any CPU
		{CF35F219-EF4E-4C17-8687-F6AEF9518325}.Release|Any CPU.ActiveCfg = Release|Any CPU
		{CF35F219-EF4E-4C17-8687-F6AEF9518325}.Release|Any CPU.Build.0 = Release|Any CPU
		{CF35F219-EF4E-4C17-8687-F6AEF9518325}.Release|Any CPU.Deploy.0 = Release|Any CPU
	EndGlobalSection
	GlobalSection(SolutionProperties) = preSolution
		HideSolutionNode = FALSE
	EndGlobalSection
	GlobalSection(ExtensibilityGlobals) = postSolution
		SolutionGuid = {E6632708-559C-4269-83C1-41E03BF55552}
	EndGlobalSection
EndGlobal
